// !$*UTF8*$!
{
	archiveVersion = 1;
	classes = {
	};
	objectVersion = 56;
	objects = {

/* Begin PBXBuildFile section */
		D35513AA29D7FACB00738110 /* AppDelegate.swift in Sources */ = {isa = PBXBuildFile; fileRef = D35513A929D7FACB00738110 /* AppDelegate.swift */; };
		D35513AC29D7FACB00738110 /* SceneDelegate.swift in Sources */ = {isa = PBXBuildFile; fileRef = D35513AB29D7FACB00738110 /* SceneDelegate.swift */; };
		D35513AE29D7FACB00738110 /* ViewController.swift in Sources */ = {isa = PBXBuildFile; fileRef = D35513AD29D7FACB00738110 /* ViewController.swift */; };
		D35513B329D7FACC00738110 /* Assets.xcassets in Resources */ = {isa = PBXBuildFile; fileRef = D35513B229D7FACC00738110 /* Assets.xcassets */; };
		D35513B629D7FACC00738110 /* LaunchScreen.storyboard in Resources */ = {isa = PBXBuildFile; fileRef = D35513B429D7FACC00738110 /* LaunchScreen.storyboard */; };
		D3B3D72129D806CE00FCF98A /* ExampleViewController.swift in Sources */ = {isa = PBXBuildFile; fileRef = D3B3D72029D806CE00FCF98A /* ExampleViewController.swift */; };
		D3B3D72329D80FEF00FCF98A /* MoveViewController.swift in Sources */ = {isa = PBXBuildFile; fileRef = D3B3D72229D80FEF00FCF98A /* MoveViewController.swift */; };
		D3C50FDD29E133FD00D8C13B /* FirstViewController_DelegetePattern.swift in Sources */ = {isa = PBXBuildFile; fileRef = D3C50FDC29E133FD00D8C13B /* FirstViewController_DelegetePattern.swift */; };
		D3C50FDF29E1345000D8C13B /* SecondViewController_DelegatePattern.swift in Sources */ = {isa = PBXBuildFile; fileRef = D3C50FDE29E1345000D8C13B /* SecondViewController_DelegatePattern.swift */; };
		D3C50FE129E1386600D8C13B /* FirstViewController_Closure.swift in Sources */ = {isa = PBXBuildFile; fileRef = D3C50FE029E1386600D8C13B /* FirstViewController_Closure.swift */; };
		D3C50FE329E1388C00D8C13B /* SecondViewController_Closure.swift in Sources */ = {isa = PBXBuildFile; fileRef = D3C50FE229E1388C00D8C13B /* SecondViewController_Closure.swift */; };
		D3C50FE629E141A300D8C13B /* SnapKit in Frameworks */ = {isa = PBXBuildFile; productRef = D3C50FE529E141A300D8C13B /* SnapKit */; };
		D3C50FE929E1426A00D8C13B /* Then in Frameworks */ = {isa = PBXBuildFile; productRef = D3C50FE829E1426A00D8C13B /* Then */; };
/* End PBXBuildFile section */

/* Begin PBXFileReference section */
		D35513A629D7FACB00738110 /* SeminarWeek1.app */ = {isa = PBXFileReference; explicitFileType = wrapper.application; includeInIndex = 0; path = SeminarWeek1.app; sourceTree = BUILT_PRODUCTS_DIR; };
		D35513A929D7FACB00738110 /* AppDelegate.swift */ = {isa = PBXFileReference; lastKnownFileType = sourcecode.swift; path = AppDelegate.swift; sourceTree = "<group>"; };
		D35513AB29D7FACB00738110 /* SceneDelegate.swift */ = {isa = PBXFileReference; lastKnownFileType = sourcecode.swift; path = SceneDelegate.swift; sourceTree = "<group>"; };
		D35513AD29D7FACB00738110 /* ViewController.swift */ = {isa = PBXFileReference; lastKnownFileType = sourcecode.swift; path = ViewController.swift; sourceTree = "<group>"; };
		D35513B229D7FACC00738110 /* Assets.xcassets */ = {isa = PBXFileReference; lastKnownFileType = folder.assetcatalog; path = Assets.xcassets; sourceTree = "<group>"; };
		D35513B529D7FACC00738110 /* Base */ = {isa = PBXFileReference; lastKnownFileType = file.storyboard; name = Base; path = Base.lproj/LaunchScreen.storyboard; sourceTree = "<group>"; };
		D35513B729D7FACC00738110 /* Info.plist */ = {isa = PBXFileReference; lastKnownFileType = text.plist.xml; path = Info.plist; sourceTree = "<group>"; };
		D3B3D72029D806CE00FCF98A /* ExampleViewController.swift */ = {isa = PBXFileReference; lastKnownFileType = sourcecode.swift; path = ExampleViewController.swift; sourceTree = "<group>"; };
		D3B3D72229D80FEF00FCF98A /* MoveViewController.swift */ = {isa = PBXFileReference; lastKnownFileType = sourcecode.swift; path = MoveViewController.swift; sourceTree = "<group>"; };
		D3C50FDC29E133FD00D8C13B /* FirstViewController_DelegetePattern.swift */ = {isa = PBXFileReference; lastKnownFileType = sourcecode.swift; path = FirstViewController_DelegetePattern.swift; sourceTree = "<group>"; };
		D3C50FDE29E1345000D8C13B /* SecondViewController_DelegatePattern.swift */ = {isa = PBXFileReference; lastKnownFileType = sourcecode.swift; path = SecondViewController_DelegatePattern.swift; sourceTree = "<group>"; };
		D3C50FE029E1386600D8C13B /* FirstViewController_Closure.swift */ = {isa = PBXFileReference; lastKnownFileType = sourcecode.swift; path = FirstViewController_Closure.swift; sourceTree = "<group>"; };
		D3C50FE229E1388C00D8C13B /* SecondViewController_Closure.swift */ = {isa = PBXFileReference; lastKnownFileType = sourcecode.swift; path = SecondViewController_Closure.swift; sourceTree = "<group>"; };
/* End PBXFileReference section */

/* Begin PBXFrameworksBuildPhase section */
		D35513A329D7FACB00738110 /* Frameworks */ = {
			isa = PBXFrameworksBuildPhase;
			buildActionMask = 2147483647;
			files = (
				D3C50FE629E141A300D8C13B /* SnapKit in Frameworks */,
				D3C50FE929E1426A00D8C13B /* Then in Frameworks */,
			);
			runOnlyForDeploymentPostprocessing = 0;
		};
/* End PBXFrameworksBuildPhase section */

/* Begin PBXGroup section */
		D355139D29D7FACB00738110 = {
			isa = PBXGroup;
			children = (
				D35513A829D7FACB00738110 /* SeminarWeek1 */,
				D35513A729D7FACB00738110 /* Products */,
			);
			sourceTree = "<group>";
		};
		D35513A729D7FACB00738110 /* Products */ = {
			isa = PBXGroup;
			children = (
				D35513A629D7FACB00738110 /* SeminarWeek1.app */,
			);
			name = Products;
			sourceTree = "<group>";
		};
		D35513A829D7FACB00738110 /* SeminarWeek1 */ = {
			isa = PBXGroup;
			children = (
				D35513A929D7FACB00738110 /* AppDelegate.swift */,
				D35513AB29D7FACB00738110 /* SceneDelegate.swift */,
				D35513AD29D7FACB00738110 /* ViewController.swift */,
				D3B3D72029D806CE00FCF98A /* ExampleViewController.swift */,
				D3B3D72229D80FEF00FCF98A /* MoveViewController.swift */,
				D35513B229D7FACC00738110 /* Assets.xcassets */,
				D35513B429D7FACC00738110 /* LaunchScreen.storyboard */,
				D35513B729D7FACC00738110 /* Info.plist */,
				D3C50FDC29E133FD00D8C13B /* FirstViewController_DelegetePattern.swift */,
				D3C50FDE29E1345000D8C13B /* SecondViewController_DelegatePattern.swift */,
				D3C50FE029E1386600D8C13B /* FirstViewController_Closure.swift */,
				D3C50FE229E1388C00D8C13B /* SecondViewController_Closure.swift */,
			);
			path = SeminarWeek1;
			sourceTree = "<group>";
		};
/* End PBXGroup section */

/* Begin PBXNativeTarget section */
		D35513A529D7FACB00738110 /* SeminarWeek1 */ = {
			isa = PBXNativeTarget;
			buildConfigurationList = D35513BA29D7FACC00738110 /* Build configuration list for PBXNativeTarget "SeminarWeek1" */;
			buildPhases = (
				D35513A229D7FACB00738110 /* Sources */,
				D35513A329D7FACB00738110 /* Frameworks */,
				D35513A429D7FACB00738110 /* Resources */,
			);
			buildRules = (
			);
			dependencies = (
			);
			name = SeminarWeek1;
			packageProductDependencies = (
				D3C50FE529E141A300D8C13B /* SnapKit */,
				D3C50FE829E1426A00D8C13B /* Then */,
			);
			productName = SeminarWeek1;
			productReference = D35513A629D7FACB00738110 /* SeminarWeek1.app */;
			productType = "com.apple.product-type.application";
		};
/* End PBXNativeTarget section */

/* Begin PBXProject section */
		D355139E29D7FACB00738110 /* Project object */ = {
			isa = PBXProject;
			attributes = {
				BuildIndependentTargetsInParallel = 1;
				LastSwiftUpdateCheck = 1420;
				LastUpgradeCheck = 1420;
				TargetAttributes = {
					D35513A529D7FACB00738110 = {
						CreatedOnToolsVersion = 14.2;
					};
				};
			};
			buildConfigurationList = D35513A129D7FACB00738110 /* Build configuration list for PBXProject "SeminarWeek1" */;
			compatibilityVersion = "Xcode 14.0";
			developmentRegion = en;
			hasScannedForEncodings = 0;
			knownRegions = (
				en,
				Base,
			);
			mainGroup = D355139D29D7FACB00738110;
			packageReferences = (
				D3C50FE429E141A300D8C13B /* XCRemoteSwiftPackageReference "SnapKit" */,
				D3C50FE729E1426A00D8C13B /* XCRemoteSwiftPackageReference "Then" */,
			);
			productRefGroup = D35513A729D7FACB00738110 /* Products */;
			projectDirPath = "";
			projectRoot = "";
			targets = (
				D35513A529D7FACB00738110 /* SeminarWeek1 */,
			);
		};
/* End PBXProject section */

/* Begin PBXResourcesBuildPhase section */
		D35513A429D7FACB00738110 /* Resources */ = {
			isa = PBXResourcesBuildPhase;
			buildActionMask = 2147483647;
			files = (
				D35513B629D7FACC00738110 /* LaunchScreen.storyboard in Resources */,
				D35513B329D7FACC00738110 /* Assets.xcassets in Resources */,
			);
			runOnlyForDeploymentPostprocessing = 0;
		};
/* End PBXResourcesBuildPhase section */

/* Begin PBXSourcesBuildPhase section */
		D35513A229D7FACB00738110 /* Sources */ = {
			isa = PBXSourcesBuildPhase;
			buildActionMask = 2147483647;
			files = (
				D3C50FE329E1388C00D8C13B /* SecondViewController_Closure.swift in Sources */,
				D35513AE29D7FACB00738110 /* ViewController.swift in Sources */,
				D3B3D72129D806CE00FCF98A /* ExampleViewController.swift in Sources */,
				D35513AA29D7FACB00738110 /* AppDelegate.swift in Sources */,
				D3B3D72329D80FEF00FCF98A /* MoveViewController.swift in Sources */,
				D3C50FDF29E1345000D8C13B /* SecondViewController_DelegatePattern.swift in Sources */,
				D3C50FE129E1386600D8C13B /* FirstViewController_Closure.swift in Sources */,
				D35513AC29D7FACB00738110 /* SceneDelegate.swift in Sources */,
				D3C50FDD29E133FD00D8C13B /* FirstViewController_DelegetePattern.swift in Sources */,
			);
			runOnlyForDeploymentPostprocessing = 0;
		};
/* End PBXSourcesBuildPhase section */

/* Begin PBXVariantGroup section */
		D35513B429D7FACC00738110 /* LaunchScreen.storyboard */ = {
			isa = PBXVariantGroup;
			children = (
				D35513B529D7FACC00738110 /* Base */,
			);
			name = LaunchScreen.storyboard;
			sourceTree = "<group>";
		};
/* End PBXVariantGroup section */

/* Begin XCBuildConfiguration section */
		D35513B829D7FACC00738110 /* Debug */ = {
			isa = XCBuildConfiguration;
			buildSettings = {
				ALWAYS_SEARCH_USER_PATHS = NO;
				CLANG_ANALYZER_NONNULL = YES;
				CLANG_ANALYZER_NUMBER_OBJECT_CONVERSION = YES_AGGRESSIVE;
				CLANG_CXX_LANGUAGE_STANDARD = "gnu++20";
				CLANG_ENABLE_MODULES = YES;
				CLANG_ENABLE_OBJC_ARC = YES;
				CLANG_ENABLE_OBJC_WEAK = YES;
				CLANG_WARN_BLOCK_CAPTURE_AUTORELEASING = YES;
				CLANG_WARN_BOOL_CONVERSION = YES;
				CLANG_WARN_COMMA = YES;
				CLANG_WARN_CONSTANT_CONVERSION = YES;
				CLANG_WARN_DEPRECATED_OBJC_IMPLEMENTATIONS = YES;
				CLANG_WARN_DIRECT_OBJC_ISA_USAGE = YES_ERROR;
				CLANG_WARN_DOCUMENTATION_COMMENTS = YES;
				CLANG_WARN_EMPTY_BODY = YES;
				CLANG_WARN_ENUM_CONVERSION = YES;
				CLANG_WARN_INFINITE_RECURSION = YES;
				CLANG_WARN_INT_CONVERSION = YES;
				CLANG_WARN_NON_LITERAL_NULL_CONVERSION = YES;
				CLANG_WARN_OBJC_IMPLICIT_RETAIN_SELF = YES;
				CLANG_WARN_OBJC_LITERAL_CONVERSION = YES;
				CLANG_WARN_OBJC_ROOT_CLASS = YES_ERROR;
				CLANG_WARN_QUOTED_INCLUDE_IN_FRAMEWORK_HEADER = YES;
				CLANG_WARN_RANGE_LOOP_ANALYSIS = YES;
				CLANG_WARN_STRICT_PROTOTYPES = YES;
				CLANG_WARN_SUSPICIOUS_MOVE = YES;
				CLANG_WARN_UNGUARDED_AVAILABILITY = YES_AGGRESSIVE;
				CLANG_WARN_UNREACHABLE_CODE = YES;
				CLANG_WARN__DUPLICATE_METHOD_MATCH = YES;
				COPY_PHASE_STRIP = NO;
				DEBUG_INFORMATION_FORMAT = dwarf;
				ENABLE_STRICT_OBJC_MSGSEND = YES;
				ENABLE_TESTABILITY = YES;
				GCC_C_LANGUAGE_STANDARD = gnu11;
				GCC_DYNAMIC_NO_PIC = NO;
				GCC_NO_COMMON_BLOCKS = YES;
				GCC_OPTIMIZATION_LEVEL = 0;
				GCC_PREPROCESSOR_DEFINITIONS = (
					"DEBUG=1",
					"$(inherited)",
				);
				GCC_WARN_64_TO_32_BIT_CONVERSION = YES;
				GCC_WARN_ABOUT_RETURN_TYPE = YES_ERROR;
				GCC_WARN_UNDECLARED_SELECTOR = YES;
				GCC_WARN_UNINITIALIZED_AUTOS = YES_AGGRESSIVE;
				GCC_WARN_UNUSED_FUNCTION = YES;
				GCC_WARN_UNUSED_VARIABLE = YES;
				IPHONEOS_DEPLOYMENT_TARGET = 16.2;
				MTL_ENABLE_DEBUG_INFO = INCLUDE_SOURCE;
				MTL_FAST_MATH = YES;
				ONLY_ACTIVE_ARCH = YES;
				SDKROOT = iphoneos;
				SWIFT_ACTIVE_COMPILATION_CONDITIONS = DEBUG;
				SWIFT_OPTIMIZATION_LEVEL = "-Onone";
			};
			name = Debug;
		};
		D35513B929D7FACC00738110 /* Release */ = {
			isa = XCBuildConfiguration;
			buildSettings = {
				ALWAYS_SEARCH_USER_PATHS = NO;
				CLANG_ANALYZER_NONNULL = YES;
				CLANG_ANALYZER_NUMBER_OBJECT_CONVERSION = YES_AGGRESSIVE;
				CLANG_CXX_LANGUAGE_STANDARD = "gnu++20";
				CLANG_ENABLE_MODULES = YES;
				CLANG_ENABLE_OBJC_ARC = YES;
				CLANG_ENABLE_OBJC_WEAK = YES;
				CLANG_WARN_BLOCK_CAPTURE_AUTORELEASING = YES;
				CLANG_WARN_BOOL_CONVERSION = YES;
				CLANG_WARN_COMMA = YES;
				CLANG_WARN_CONSTANT_CONVERSION = YES;
				CLANG_WARN_DEPRECATED_OBJC_IMPLEMENTATIONS = YES;
				CLANG_WARN_DIRECT_OBJC_ISA_USAGE = YES_ERROR;
				CLANG_WARN_DOCUMENTATION_COMMENTS = YES;
				CLANG_WARN_EMPTY_BODY = YES;
				CLANG_WARN_ENUM_CONVERSION = YES;
				CLANG_WARN_INFINITE_RECURSION = YES;
				CLANG_WARN_INT_CONVERSION = YES;
				CLANG_WARN_NON_LITERAL_NULL_CONVERSION = YES;
				CLANG_WARN_OBJC_IMPLICIT_RETAIN_SELF = YES;
				CLANG_WARN_OBJC_LITERAL_CONVERSION = YES;
				CLANG_WARN_OBJC_ROOT_CLASS = YES_ERROR;
				CLANG_WARN_QUOTED_INCLUDE_IN_FRAMEWORK_HEADER = YES;
				CLANG_WARN_RANGE_LOOP_ANALYSIS = YES;
				CLANG_WARN_STRICT_PROTOTYPES = YES;
				CLANG_WARN_SUSPICIOUS_MOVE = YES;
				CLANG_WARN_UNGUARDED_AVAILABILITY = YES_AGGRESSIVE;
				CLANG_WARN_UNREACHABLE_CODE = YES;
				CLANG_WARN__DUPLICATE_METHOD_MATCH = YES;
				COPY_PHASE_STRIP = NO;
				DEBUG_INFORMATION_FORMAT = "dwarf-with-dsym";
				ENABLE_NS_ASSERTIONS = NO;
				ENABLE_STRICT_OBJC_MSGSEND = YES;
				GCC_C_LANGUAGE_STANDARD = gnu11;
				GCC_NO_COMMON_BLOCKS = YES;
				GCC_WARN_64_TO_32_BIT_CONVERSION = YES;
				GCC_WARN_ABOUT_RETURN_TYPE = YES_ERROR;
				GCC_WARN_UNDECLARED_SELECTOR = YES;
				GCC_WARN_UNINITIALIZED_AUTOS = YES_AGGRESSIVE;
				GCC_WARN_UNUSED_FUNCTION = YES;
				GCC_WARN_UNUSED_VARIABLE = YES;
				IPHONEOS_DEPLOYMENT_TARGET = 16.2;
				MTL_ENABLE_DEBUG_INFO = NO;
				MTL_FAST_MATH = YES;
				SDKROOT = iphoneos;
				SWIFT_COMPILATION_MODE = wholemodule;
				SWIFT_OPTIMIZATION_LEVEL = "-O";
				VALIDATE_PRODUCT = YES;
			};
			name = Release;
		};
		D35513BB29D7FACC00738110 /* Debug */ = {
			isa = XCBuildConfiguration;
			buildSettings = {
				ASSETCATALOG_COMPILER_APPICON_NAME = AppIcon;
				ASSETCATALOG_COMPILER_GLOBAL_ACCENT_COLOR_NAME = AccentColor;
				CODE_SIGN_STYLE = Automatic;
				CURRENT_PROJECT_VERSION = 1;
				GENERATE_INFOPLIST_FILE = YES;
				INFOPLIST_FILE = SeminarWeek1/Info.plist;
				INFOPLIST_KEY_UIApplicationSupportsIndirectInputEvents = YES;
				INFOPLIST_KEY_UILaunchStoryboardName = LaunchScreen;
				INFOPLIST_KEY_UISupportedInterfaceOrientations_iPad = "UIInterfaceOrientationPortrait UIInterfaceOrientationPortraitUpsideDown UIInterfaceOrientationLandscapeLeft UIInterfaceOrientationLandscapeRight";
				INFOPLIST_KEY_UISupportedInterfaceOrientations_iPhone = "UIInterfaceOrientationPortrait UIInterfaceOrientationLandscapeLeft UIInterfaceOrientationLandscapeRight";
				LD_RUNPATH_SEARCH_PATHS = (
					"$(inherited)",
					"@executable_path/Frameworks",
				);
				MARKETING_VERSION = 1.0;
				PRODUCT_BUNDLE_IDENTIFIER = com.yourcompany.SeminarWeek1;
				PRODUCT_NAME = "$(TARGET_NAME)";
				SWIFT_EMIT_LOC_STRINGS = YES;
				SWIFT_VERSION = 5.0;
				TARGETED_DEVICE_FAMILY = "1,2";
			};
			name = Debug;
		};
		D35513BC29D7FACC00738110 /* Release */ = {
			isa = XCBuildConfiguration;
			buildSettings = {
				ASSETCATALOG_COMPILER_APPICON_NAME = AppIcon;
				ASSETCATALOG_COMPILER_GLOBAL_ACCENT_COLOR_NAME = AccentColor;
				CODE_SIGN_STYLE = Automatic;
				CURRENT_PROJECT_VERSION = 1;
				GENERATE_INFOPLIST_FILE = YES;
				INFOPLIST_FILE = SeminarWeek1/Info.plist;
				INFOPLIST_KEY_UIApplicationSupportsIndirectInputEvents = YES;
				INFOPLIST_KEY_UILaunchStoryboardName = LaunchScreen;
				INFOPLIST_KEY_UISupportedInterfaceOrientations_iPad = "UIInterfaceOrientationPortrait UIInterfaceOrientationPortraitUpsideDown UIInterfaceOrientationLandscapeLeft UIInterfaceOrientationLandscapeRight";
				INFOPLIST_KEY_UISupportedInterfaceOrientations_iPhone = "UIInterfaceOrientationPortrait UIInterfaceOrientationLandscapeLeft UIInterfaceOrientationLandscapeRight";
				LD_RUNPATH_SEARCH_PATHS = (
					"$(inherited)",
					"@executable_path/Frameworks",
				);
				MARKETING_VERSION = 1.0;
				PRODUCT_BUNDLE_IDENTIFIER = com.yourcompany.SeminarWeek1;
				PRODUCT_NAME = "$(TARGET_NAME)";
				SWIFT_EMIT_LOC_STRINGS = YES;
				SWIFT_VERSION = 5.0;
				TARGETED_DEVICE_FAMILY = "1,2";
			};
			name = Release;
		};
/* End XCBuildConfiguration section */

/* Begin XCConfigurationList section */
		D35513A129D7FACB00738110 /* Build configuration list for PBXProject "SeminarWeek1" */ = {
			isa = XCConfigurationList;
			buildConfigurations = (
				D35513B829D7FACC00738110 /* Debug */,
				D35513B929D7FACC00738110 /* Release */,
			);
			defaultConfigurationIsVisible = 0;
			defaultConfigurationName = Release;
		};
		D35513BA29D7FACC00738110 /* Build configuration list for PBXNativeTarget "SeminarWeek1" */ = {
			isa = XCConfigurationList;
			buildConfigurations = (
				D35513BB29D7FACC00738110 /* Debug */,
				D35513BC29D7FACC00738110 /* Release */,
			);
			defaultConfigurationIsVisible = 0;
			defaultConfigurationName = Release;
		};
/* End XCConfigurationList section */

/* Begin XCRemoteSwiftPackageReference section */
		D3C50FE429E141A300D8C13B /* XCRemoteSwiftPackageReference "SnapKit" */ = {
			isa = XCRemoteSwiftPackageReference;
			repositoryURL = "https://github.com/SnapKit/SnapKit";
			requirement = {
				branch = develop;
				kind = branch;
			};
		};
		D3C50FE729E1426A00D8C13B /* XCRemoteSwiftPackageReference "Then" */ = {
			isa = XCRemoteSwiftPackageReference;
			repositoryURL = "https://github.com/devxoul/Then";
			requirement = {
				kind = upToNextMajorVersion;
				minimumVersion = 3.0.0;
			};
		};
/* End XCRemoteSwiftPackageReference section */

/* Begin XCSwiftPackageProductDependency section */
		D3C50FE529E141A300D8C13B /* SnapKit */ = {
			isa = XCSwiftPackageProductDependency;
			package = D3C50FE429E141A300D8C13B /* XCRemoteSwiftPackageReference "SnapKit" */;
			productName = SnapKit;
		};
		D3C50FE829E1426A00D8C13B /* Then */ = {
			isa = XCSwiftPackageProductDependency;
			package = D3C50FE729E1426A00D8C13B /* XCRemoteSwiftPackageReference "Then" */;
			productName = Then;
		};
/* End XCSwiftPackageProductDependency section */
	};
	rootObject = D355139E29D7FACB00738110 /* Project object */;
}
